dependencies:
- name: tyk-gateway
  repository: file://../components/tyk-gateway
  version: 5.4.1
- name: tyk-pump
  repository: file://../components/tyk-pump
  version: 5.4.1
- name: tyk-operator
  repository: file://../components/tyk-operator
  version: 1.5.0
digest: sha256:49dda7e884b2ad7b4afdbb11e58c420f93dd8b637d9163c04112635576175689
generated: "2026-09-25T15:11:48.993431+02:00"
