dependencies:
- name: tyk-gateway
  repository: file://../components/tyk-gateway
  version: 4.1.1
- name: tyk-pump
  repository: file://../components/tyk-pump
  version: 4.1.1
- name: tyk-operator
  repository: file://../components/tyk-operator
  version: 1.2.1
digest: sha256:5279bfad98f7833e20b45e6462c1eeb010056fa17e64e3b62ea9ad575b04a539
generated: "2025-12-11T18:09:56.680305+01:00"
