dependencies:
- name: tyk-gateway
  repository: file://../components/tyk-gateway
  version: 5.1.0
- name: tyk-pump
  repository: file://../components/tyk-pump
  version: 5.1.0
- name: tyk-dashboard
  repository: file://../components/tyk-dashboard
  version: 5.1.0
- name: tyk-bootstrap
  repository: file://../components/tyk-bootstrap
  version: 5.1.0
- name: tyk-dev-portal
  repository: file://../components/tyk-dev-portal
  version: 5.1.0
- name: tyk-operator
  repository: file://../components/tyk-operator
  version: 1.3.0
digest: sha256:f524ba6498c82684b4e319cc25c27df272f7275a51da8e95327fce0a41411a91
generated: "2026-03-10T17:03:46.726931+01:00"
