dependencies:
- name: tyk-gateway
  repository: file://../components/tyk-gateway
  version: 1.0.0
- name: tyk-pump
  repository: file://../components/tyk-pump
  version: 1.0.0
- name: tyk-dashboard
  repository: file://../components/tyk-dashboard
  version: 1.0.0-beta5
- name: tyk-bootstrap
  repository: file://../components/tyk-bootstrap
  version: 1.0.0-beta5
- name: tyk-enterprise-portal
  repository: file://../components/tyk-enterprise-portal
  version: 1.0.0-beta4
digest: sha256:e5a1b2e6cdc7f7bd845b52b47f38160e39660a1392e3cad20c77cc3565579ab8
generated: "2023-08-09T13:25:28.047391+03:00"
