dependencies:
- name: tyk-gateway
  repository: file://../components/tyk-gateway
  version: 2.0.0
- name: tyk-pump
  repository: file://../components/tyk-pump
  version: 2.0.0
digest: sha256:de8fe92f4d6c5628c50ac0712b7cd7402dc19bda92ce562bc93cc53e350b1acc
generated: "2024-09-26T17:45:09.54968+05:30"
