dependencies:
- name: tyk-gateway
  repository: file://../components/tyk-gateway
  version: 5.4.0
- name: tyk-pump
  repository: file://../components/tyk-pump
  version: 5.4.0
digest: sha256:6be62ee0807ad00da9a2b20288caabee7a37d633dee20ba2299d2da2cf88ac72
generated: "2026-09-22T16:39:50.128107+02:00"
