dependencies:
- name: tyk-gateway
  repository: file://../components/tyk-gateway
  version: 5.1.0
- name: tyk-pump
  repository: file://../components/tyk-pump
  version: 5.1.0
digest: sha256:a5e2c836d79bca38d3f01660c60e9768c4e710884d96dc7e63c7af32afab02ae
generated: "2026-03-10T17:03:53.823056+01:00"
