dependencies:
- name: tyk-gateway
  repository: file://../components/tyk-gateway
  version: 1.3.0
- name: tyk-pump
  repository: file://../components/tyk-pump
  version: 1.3.0
- name: tyk-dashboard
  repository: file://../components/tyk-dashboard
  version: 1.3.0
- name: tyk-bootstrap
  repository: file://../components/tyk-bootstrap
  version: 1.3.0
- name: tyk-mdcb
  repository: file://../components/tyk-mdcb
  version: 1.3.0-beta
- name: tyk-dev-portal
  repository: file://../components/tyk-dev-portal
  version: 1.3.0
- name: tyk-operator
  repository: https://helm.tyk.io/public/helm/charts/
  version: 0.17.0
digest: sha256:54b4a8f9be92aae6ed3c522debbc23ebf1541fc52a2611626f3f9bf67dcb8f1b
generated: "2024-04-29T15:40:46.637095+03:00"
